// !$*UTF8*$!
{
	archiveVersion = 1;
	classes = {
	};
	objectVersion = 55;
	objects = {

/* Begin PBXBuildFile section */
		27BAFE9FB499C0BD5C6AA1F0 /* Pods_Hackathon_HackathonUITests.framework in Frameworks */ = {isa = PBXBuildFile; fileRef = 55B8449772D510CD207CA8CC /* Pods_Hackathon_HackathonUITests.framework */; };
		2EAF3F3307F76D2CA1DAE0B7 /* Pods_Hackathon.framework in Frameworks */ = {isa = PBXBuildFile; fileRef = 0CA391256D5FB42BA67913D4 /* Pods_Hackathon.framework */; };
		3D38F6D49D3CE1B86E85A204 /* Pods_HackathonTests.framework in Frameworks */ = {isa = PBXBuildFile; fileRef = 1401094316DA740DB46498CD /* Pods_HackathonTests.framework */; };
		57E75E3A28DEE1F100AC24B2 /* AppDelegate.swift in Sources */ = {isa = PBXBuildFile; fileRef = 57E75E3928DEE1F100AC24B2 /* AppDelegate.swift */; };
		57E75E3C28DEE1F100AC24B2 /* SceneDelegate.swift in Sources */ = {isa = PBXBuildFile; fileRef = 57E75E3B28DEE1F100AC24B2 /* SceneDelegate.swift */; };
		57E75E3E28DEE1F100AC24B2 /* ViewController.swift in Sources */ = {isa = PBXBuildFile; fileRef = 57E75E3D28DEE1F100AC24B2 /* ViewController.swift */; };
		57E75E4128DEE1F100AC24B2 /* Main.storyboard in Resources */ = {isa = PBXBuildFile; fileRef = 57E75E3F28DEE1F100AC24B2 /* Main.storyboard */; };
		57E75E4328DEE20000AC24B2 /* Assets.xcassets in Resources */ = {isa = PBXBuildFile; fileRef = 57E75E4228DEE20000AC24B2 /* Assets.xcassets */; };
		57E75E4628DEE20000AC24B2 /* LaunchScreen.storyboard in Resources */ = {isa = PBXBuildFile; fileRef = 57E75E4428DEE20000AC24B2 /* LaunchScreen.storyboard */; };
		57E75E5128DEE20100AC24B2 /* HackathonTests.swift in Sources */ = {isa = PBXBuildFile; fileRef = 57E75E5028DEE20100AC24B2 /* HackathonTests.swift */; };
		57E75E5B28DEE20100AC24B2 /* HackathonUITests.swift in Sources */ = {isa = PBXBuildFile; fileRef = 57E75E5A28DEE20100AC24B2 /* HackathonUITests.swift */; };
		57E75E5D28DEE20100AC24B2 /* HackathonUITestsLaunchTests.swift in Sources */ = {isa = PBXBuildFile; fileRef = 57E75E5C28DEE20100AC24B2 /* HackathonUITestsLaunchTests.swift */; };
		57E75E6C28DEE3A100AC24B2 /* SSOOYA.storyboard in Resources */ = {isa = PBXBuildFile; fileRef = 57E75E6B28DEE3A100AC24B2 /* SSOOYA.storyboard */; };
		57E75E6E28DEE3B800AC24B2 /* SAMSIKKI.storyboard in Resources */ = {isa = PBXBuildFile; fileRef = 57E75E6D28DEE3B800AC24B2 /* SAMSIKKI.storyboard */; };
		57E75E7028DEE3C900AC24B2 /* JUN.storyboard in Resources */ = {isa = PBXBuildFile; fileRef = 57E75E6F28DEE3C900AC24B2 /* JUN.storyboard */; };
		57E75E7228DEE3D600AC24B2 /* CommunityMain.storyboard in Resources */ = {isa = PBXBuildFile; fileRef = 57E75E7128DEE3D600AC24B2 /* CommunityMain.storyboard */; };
		8ADF373928DEF42100EA6C14 /* GroupZ.storyboard in Resources */ = {isa = PBXBuildFile; fileRef = 8ADF373828DEF42100EA6C14 /* GroupZ.storyboard */; };
		8ADF373B28DEF45B00EA6C14 /* GroupX.storyboard in Resources */ = {isa = PBXBuildFile; fileRef = 8ADF373A28DEF45B00EA6C14 /* GroupX.storyboard */; };
		8ADF373D28DEF49F00EA6C14 /* GroupZViewController.swift in Sources */ = {isa = PBXBuildFile; fileRef = 8ADF373C28DEF49F00EA6C14 /* GroupZViewController.swift */; };
		8ADF373F28DEF4B800EA6C14 /* GroupXViewController.swift in Sources */ = {isa = PBXBuildFile; fileRef = 8ADF373E28DEF4B800EA6C14 /* GroupXViewController.swift */; };
		8ADF374128DEF50E00EA6C14 /* Ask.storyboard in Resources */ = {isa = PBXBuildFile; fileRef = 8ADF374028DEF50E00EA6C14 /* Ask.storyboard */; };
		8ADF374528DEF55C00EA6C14 /* ToZViewController.swift in Sources */ = {isa = PBXBuildFile; fileRef = 8ADF374428DEF55C00EA6C14 /* ToZViewController.swift */; };
		8ADF374728DEF56600EA6C14 /* ToXViewController.swift in Sources */ = {isa = PBXBuildFile; fileRef = 8ADF374628DEF56600EA6C14 /* ToXViewController.swift */; };
		8ADF374928DEF6AE00EA6C14 /* ZWritePostViewController.swift in Sources */ = {isa = PBXBuildFile; fileRef = 8ADF374828DEF6AE00EA6C14 /* ZWritePostViewController.swift */; };
		8ADF374B28DEF6EC00EA6C14 /* XWritePostViewController.swift in Sources */ = {isa = PBXBuildFile; fileRef = 8ADF374A28DEF6EC00EA6C14 /* XWritePostViewController.swift */; };
		8ADF374D28DEF74A00EA6C14 /* CommunityMainViewController.swift in Sources */ = {isa = PBXBuildFile; fileRef = 8ADF374C28DEF74A00EA6C14 /* CommunityMainViewController.swift */; };
/* End PBXBuildFile section */

/* Begin PBXContainerItemProxy section */
		57E75E4D28DEE20100AC24B2 /* PBXContainerItemProxy */ = {
			isa = PBXContainerItemProxy;
			containerPortal = 57E75E2E28DEE1F100AC24B2 /* Project object */;
			proxyType = 1;
			remoteGlobalIDString = 57E75E3528DEE1F100AC24B2;
			remoteInfo = Hackathon;
		};
		57E75E5728DEE20100AC24B2 /* PBXContainerItemProxy */ = {
			isa = PBXContainerItemProxy;
			containerPortal = 57E75E2E28DEE1F100AC24B2 /* Project object */;
			proxyType = 1;
			remoteGlobalIDString = 57E75E3528DEE1F100AC24B2;
			remoteInfo = Hackathon;
		};
/* End PBXContainerItemProxy section */

/* Begin PBXFileReference section */
		0CA391256D5FB42BA67913D4 /* Pods_Hackathon.framework */ = {isa = PBXFileReference; explicitFileType = wrapper.framework; includeInIndex = 0; path = Pods_Hackathon.framework; sourceTree = BUILT_PRODUCTS_DIR; };
		1401094316DA740DB46498CD /* Pods_HackathonTests.framework */ = {isa = PBXFileReference; explicitFileType = wrapper.framework; includeInIndex = 0; path = Pods_HackathonTests.framework; sourceTree = BUILT_PRODUCTS_DIR; };
		55B8449772D510CD207CA8CC /* Pods_Hackathon_HackathonUITests.framework */ = {isa = PBXFileReference; explicitFileType = wrapper.framework; includeInIndex = 0; path = Pods_Hackathon_HackathonUITests.framework; sourceTree = BUILT_PRODUCTS_DIR; };
		57E75E3628DEE1F100AC24B2 /* Hackathon.app */ = {isa = PBXFileReference; explicitFileType = wrapper.application; includeInIndex = 0; path = Hackathon.app; sourceTree = BUILT_PRODUCTS_DIR; };
		57E75E3928DEE1F100AC24B2 /* AppDelegate.swift */ = {isa = PBXFileReference; lastKnownFileType = sourcecode.swift; path = AppDelegate.swift; sourceTree = "<group>"; };
		57E75E3B28DEE1F100AC24B2 /* SceneDelegate.swift */ = {isa = PBXFileReference; lastKnownFileType = sourcecode.swift; path = SceneDelegate.swift; sourceTree = "<group>"; };
		57E75E3D28DEE1F100AC24B2 /* ViewController.swift */ = {isa = PBXFileReference; lastKnownFileType = sourcecode.swift; path = ViewController.swift; sourceTree = "<group>"; };
		57E75E4028DEE1F100AC24B2 /* Base */ = {isa = PBXFileReference; lastKnownFileType = file.storyboard; name = Base; path = Base.lproj/Main.storyboard; sourceTree = "<group>"; };
		57E75E4228DEE20000AC24B2 /* Assets.xcassets */ = {isa = PBXFileReference; lastKnownFileType = folder.assetcatalog; path = Assets.xcassets; sourceTree = "<group>"; };
		57E75E4528DEE20000AC24B2 /* Base */ = {isa = PBXFileReference; lastKnownFileType = file.storyboard; name = Base; path = Base.lproj/LaunchScreen.storyboard; sourceTree = "<group>"; };
		57E75E4728DEE20000AC24B2 /* Info.plist */ = {isa = PBXFileReference; lastKnownFileType = text.plist.xml; path = Info.plist; sourceTree = "<group>"; };
		57E75E4C28DEE20100AC24B2 /* HackathonTests.xctest */ = {isa = PBXFileReference; explicitFileType = wrapper.cfbundle; includeInIndex = 0; path = HackathonTests.xctest; sourceTree = BUILT_PRODUCTS_DIR; };
		57E75E5028DEE20100AC24B2 /* HackathonTests.swift */ = {isa = PBXFileReference; lastKnownFileType = sourcecode.swift; path = HackathonTests.swift; sourceTree = "<group>"; };
		57E75E5628DEE20100AC24B2 /* HackathonUITests.xctest */ = {isa = PBXFileReference; explicitFileType = wrapper.cfbundle; includeInIndex = 0; path = HackathonUITests.xctest; sourceTree = BUILT_PRODUCTS_DIR; };
		57E75E5A28DEE20100AC24B2 /* HackathonUITests.swift */ = {isa = PBXFileReference; lastKnownFileType = sourcecode.swift; path = HackathonUITests.swift; sourceTree = "<group>"; };
		57E75E5C28DEE20100AC24B2 /* HackathonUITestsLaunchTests.swift */ = {isa = PBXFileReference; lastKnownFileType = sourcecode.swift; path = HackathonUITestsLaunchTests.swift; sourceTree = "<group>"; };
		57E75E6B28DEE3A100AC24B2 /* SSOOYA.storyboard */ = {isa = PBXFileReference; lastKnownFileType = file.storyboard; path = SSOOYA.storyboard; sourceTree = "<group>"; };
		57E75E6D28DEE3B800AC24B2 /* SAMSIKKI.storyboard */ = {isa = PBXFileReference; lastKnownFileType = file.storyboard; path = SAMSIKKI.storyboard; sourceTree = "<group>"; };
		57E75E6F28DEE3C900AC24B2 /* JUN.storyboard */ = {isa = PBXFileReference; lastKnownFileType = file.storyboard; path = JUN.storyboard; sourceTree = "<group>"; };
		57E75E7128DEE3D600AC24B2 /* CommunityMain.storyboard */ = {isa = PBXFileReference; lastKnownFileType = file.storyboard; path = CommunityMain.storyboard; sourceTree = "<group>"; };
		5B58B63550D28EF472FBB196 /* Pods-Hackathon-HackathonUITests.debug.xcconfig */ = {isa = PBXFileReference; includeInIndex = 1; lastKnownFileType = text.xcconfig; name = "Pods-Hackathon-HackathonUITests.debug.xcconfig"; path = "Target Support Files/Pods-Hackathon-HackathonUITests/Pods-Hackathon-HackathonUITests.debug.xcconfig"; sourceTree = "<group>"; };
		718904B84399A2A3C0D2E8E6 /* Pods-Hackathon.release.xcconfig */ = {isa = PBXFileReference; includeInIndex = 1; lastKnownFileType = text.xcconfig; name = "Pods-Hackathon.release.xcconfig"; path = "Target Support Files/Pods-Hackathon/Pods-Hackathon.release.xcconfig"; sourceTree = "<group>"; };
		85F22798DF52E175ED9F9AFD /* Pods-Hackathon.debug.xcconfig */ = {isa = PBXFileReference; includeInIndex = 1; lastKnownFileType = text.xcconfig; name = "Pods-Hackathon.debug.xcconfig"; path = "Target Support Files/Pods-Hackathon/Pods-Hackathon.debug.xcconfig"; sourceTree = "<group>"; };
		8ADF373828DEF42100EA6C14 /* GroupZ.storyboard */ = {isa = PBXFileReference; lastKnownFileType = file.storyboard; path = GroupZ.storyboard; sourceTree = "<group>"; };
		8ADF373A28DEF45B00EA6C14 /* GroupX.storyboard */ = {isa = PBXFileReference; lastKnownFileType = file.storyboard; path = GroupX.storyboard; sourceTree = "<group>"; };
		8ADF373C28DEF49F00EA6C14 /* GroupZViewController.swift */ = {isa = PBXFileReference; lastKnownFileType = sourcecode.swift; path = GroupZViewController.swift; sourceTree = "<group>"; };
		8ADF373E28DEF4B800EA6C14 /* GroupXViewController.swift */ = {isa = PBXFileReference; lastKnownFileType = sourcecode.swift; path = GroupXViewController.swift; sourceTree = "<group>"; };
		8ADF374028DEF50E00EA6C14 /* Ask.storyboard */ = {isa = PBXFileReference; lastKnownFileType = file.storyboard; path = Ask.storyboard; sourceTree = "<group>"; };
		8ADF374428DEF55C00EA6C14 /* ToZViewController.swift */ = {isa = PBXFileReference; lastKnownFileType = sourcecode.swift; path = ToZViewController.swift; sourceTree = "<group>"; };
		8ADF374628DEF56600EA6C14 /* ToXViewController.swift */ = {isa = PBXFileReference; lastKnownFileType = sourcecode.swift; path = ToXViewController.swift; sourceTree = "<group>"; };
		8ADF374828DEF6AE00EA6C14 /* ZWritePostViewController.swift */ = {isa = PBXFileReference; lastKnownFileType = sourcecode.swift; path = ZWritePostViewController.swift; sourceTree = "<group>"; };
		8ADF374A28DEF6EC00EA6C14 /* XWritePostViewController.swift */ = {isa = PBXFileReference; lastKnownFileType = sourcecode.swift; path = XWritePostViewController.swift; sourceTree = "<group>"; };
		8ADF374C28DEF74A00EA6C14 /* CommunityMainViewController.swift */ = {isa = PBXFileReference; lastKnownFileType = sourcecode.swift; path = CommunityMainViewController.swift; sourceTree = "<group>"; };
		A931D615A03708FF4138BBE1 /* Pods-HackathonTests.debug.xcconfig */ = {isa = PBXFileReference; includeInIndex = 1; lastKnownFileType = text.xcconfig; name = "Pods-HackathonTests.debug.xcconfig"; path = "Target Support Files/Pods-HackathonTests/Pods-HackathonTests.debug.xcconfig"; sourceTree = "<group>"; };
		D3A7E4A0D5827ED5D80DD091 /* Pods-Hackathon-HackathonUITests.release.xcconfig */ = {isa = PBXFileReference; includeInIndex = 1; lastKnownFileType = text.xcconfig; name = "Pods-Hackathon-HackathonUITests.release.xcconfig"; path = "Target Support Files/Pods-Hackathon-HackathonUITests/Pods-Hackathon-HackathonUITests.release.xcconfig"; sourceTree = "<group>"; };
		E4CD9783947AE581F25A37BB /* Pods-HackathonTests.release.xcconfig */ = {isa = PBXFileReference; includeInIndex = 1; lastKnownFileType = text.xcconfig; name = "Pods-HackathonTests.release.xcconfig"; path = "Target Support Files/Pods-HackathonTests/Pods-HackathonTests.release.xcconfig"; sourceTree = "<group>"; };
/* End PBXFileReference section */

/* Begin PBXFrameworksBuildPhase section */
		57E75E3328DEE1F100AC24B2 /* Frameworks */ = {
			isa = PBXFrameworksBuildPhase;
			buildActionMask = 2147483647;
			files = (
				2EAF3F3307F76D2CA1DAE0B7 /* Pods_Hackathon.framework in Frameworks */,
			);
			runOnlyForDeploymentPostprocessing = 0;
		};
		57E75E4928DEE20100AC24B2 /* Frameworks */ = {
			isa = PBXFrameworksBuildPhase;
			buildActionMask = 2147483647;
			files = (
				3D38F6D49D3CE1B86E85A204 /* Pods_HackathonTests.framework in Frameworks */,
			);
			runOnlyForDeploymentPostprocessing = 0;
		};
		57E75E5328DEE20100AC24B2 /* Frameworks */ = {
			isa = PBXFrameworksBuildPhase;
			buildActionMask = 2147483647;
			files = (
				27BAFE9FB499C0BD5C6AA1F0 /* Pods_Hackathon_HackathonUITests.framework in Frameworks */,
			);
			runOnlyForDeploymentPostprocessing = 0;
		};
/* End PBXFrameworksBuildPhase section */

/* Begin PBXGroup section */
		0A3F9BC5A4711D9FBA4C9299 /* Pods */ = {
			isa = PBXGroup;
			children = (
				85F22798DF52E175ED9F9AFD /* Pods-Hackathon.debug.xcconfig */,
				718904B84399A2A3C0D2E8E6 /* Pods-Hackathon.release.xcconfig */,
				5B58B63550D28EF472FBB196 /* Pods-Hackathon-HackathonUITests.debug.xcconfig */,
				D3A7E4A0D5827ED5D80DD091 /* Pods-Hackathon-HackathonUITests.release.xcconfig */,
				A931D615A03708FF4138BBE1 /* Pods-HackathonTests.debug.xcconfig */,
				E4CD9783947AE581F25A37BB /* Pods-HackathonTests.release.xcconfig */,
			);
			path = Pods;
			sourceTree = "<group>";
		};
		57E75E2D28DEE1F100AC24B2 = {
			isa = PBXGroup;
			children = (
				57E75E3828DEE1F100AC24B2 /* Hackathon */,
				57E75E4F28DEE20100AC24B2 /* HackathonTests */,
				57E75E5928DEE20100AC24B2 /* HackathonUITests */,
				57E75E3728DEE1F100AC24B2 /* Products */,
				0A3F9BC5A4711D9FBA4C9299 /* Pods */,
				A92A67C23779793F5991AEAD /* Frameworks */,
			);
			sourceTree = "<group>";
		};
		57E75E3728DEE1F100AC24B2 /* Products */ = {
			isa = PBXGroup;
			children = (
				57E75E3628DEE1F100AC24B2 /* Hackathon.app */,
				57E75E4C28DEE20100AC24B2 /* HackathonTests.xctest */,
				57E75E5628DEE20100AC24B2 /* HackathonUITests.xctest */,
			);
			name = Products;
			sourceTree = "<group>";
		};
		57E75E3828DEE1F100AC24B2 /* Hackathon */ = {
			isa = PBXGroup;
			children = (
				57E75E6A28DEE38B00AC24B2 /* domain */,
				57E75E6928DEE37D00AC24B2 /* global */,
				57E75E3928DEE1F100AC24B2 /* AppDelegate.swift */,
				57E75E3B28DEE1F100AC24B2 /* SceneDelegate.swift */,
				57E75E3D28DEE1F100AC24B2 /* ViewController.swift */,
				57E75E3F28DEE1F100AC24B2 /* Main.storyboard */,
				57E75E6D28DEE3B800AC24B2 /* SAMSIKKI.storyboard */,
				8ADF373728DEF31500EA6C14 /* Community */,
				57E75E6F28DEE3C900AC24B2 /* JUN.storyboard */,
				57E75E6B28DEE3A100AC24B2 /* SSOOYA.storyboard */,
				57E75E4228DEE20000AC24B2 /* Assets.xcassets */,
				57E75E4428DEE20000AC24B2 /* LaunchScreen.storyboard */,
				57E75E4728DEE20000AC24B2 /* Info.plist */,
			);
			path = Hackathon;
			sourceTree = "<group>";
		};
		57E75E4F28DEE20100AC24B2 /* HackathonTests */ = {
			isa = PBXGroup;
			children = (
				57E75E5028DEE20100AC24B2 /* HackathonTests.swift */,
			);
			path = HackathonTests;
			sourceTree = "<group>";
		};
		57E75E5928DEE20100AC24B2 /* HackathonUITests */ = {
			isa = PBXGroup;
			children = (
				57E75E5A28DEE20100AC24B2 /* HackathonUITests.swift */,
				57E75E5C28DEE20100AC24B2 /* HackathonUITestsLaunchTests.swift */,
			);
			path = HackathonUITests;
			sourceTree = "<group>";
		};
		57E75E6928DEE37D00AC24B2 /* global */ = {
			isa = PBXGroup;
			children = (
			);
			path = global;
			sourceTree = "<group>";
		};
		57E75E6A28DEE38B00AC24B2 /* domain */ = {
			isa = PBXGroup;
			children = (
			);
			path = domain;
			sourceTree = "<group>";
		};
		8ADF373728DEF31500EA6C14 /* Community */ = {
			isa = PBXGroup;
			children = (
				8ADF374E28DEF75900EA6C14 /* CommunityMain */,
				8ADF374F28DEF77C00EA6C14 /* GroupZ */,
				8ADF375028DEF78700EA6C14 /* GroupX */,
				8ADF375128DEF79700EA6C14 /* Ask */,
			);
			path = Community;
			sourceTree = "<group>";
		};
		8ADF374E28DEF75900EA6C14 /* CommunityMain */ = {
			isa = PBXGroup;
			children = (
				57E75E7128DEE3D600AC24B2 /* CommunityMain.storyboard */,
				8ADF374C28DEF74A00EA6C14 /* CommunityMainViewController.swift */,
			);
			path = CommunityMain;
			sourceTree = "<group>";
		};
		8ADF374F28DEF77C00EA6C14 /* GroupZ */ = {
			isa = PBXGroup;
			children = (
				8ADF373828DEF42100EA6C14 /* GroupZ.storyboard */,
				8ADF373C28DEF49F00EA6C14 /* GroupZViewController.swift */,
				8ADF374828DEF6AE00EA6C14 /* ZWritePostViewController.swift */,
			);
			path = GroupZ;
			sourceTree = "<group>";
		};
		8ADF375028DEF78700EA6C14 /* GroupX */ = {
			isa = PBXGroup;
			children = (
				8ADF373A28DEF45B00EA6C14 /* GroupX.storyboard */,
				8ADF373E28DEF4B800EA6C14 /* GroupXViewController.swift */,
				8ADF374A28DEF6EC00EA6C14 /* XWritePostViewController.swift */,
			);
			path = GroupX;
			sourceTree = "<group>";
		};
		8ADF375128DEF79700EA6C14 /* Ask */ = {
			isa = PBXGroup;
			children = (
				8ADF374028DEF50E00EA6C14 /* Ask.storyboard */,
				8ADF374628DEF56600EA6C14 /* ToXViewController.swift */,
				8ADF374428DEF55C00EA6C14 /* ToZViewController.swift */,
			);
			path = Ask;
			sourceTree = "<group>";
		};
		A92A67C23779793F5991AEAD /* Frameworks */ = {
			isa = PBXGroup;
			children = (
				0CA391256D5FB42BA67913D4 /* Pods_Hackathon.framework */,
				55B8449772D510CD207CA8CC /* Pods_Hackathon_HackathonUITests.framework */,
				1401094316DA740DB46498CD /* Pods_HackathonTests.framework */,
			);
			name = Frameworks;
			sourceTree = "<group>";
		};
/* End PBXGroup section */

/* Begin PBXNativeTarget section */
		57E75E3528DEE1F100AC24B2 /* Hackathon */ = {
			isa = PBXNativeTarget;
			buildConfigurationList = 57E75E6028DEE20100AC24B2 /* Build configuration list for PBXNativeTarget "Hackathon" */;
			buildPhases = (
				4E2FAA824D4A7C77A3FEB9AE /* [CP] Check Pods Manifest.lock */,
				57E75E3228DEE1F100AC24B2 /* Sources */,
				57E75E3328DEE1F100AC24B2 /* Frameworks */,
				57E75E3428DEE1F100AC24B2 /* Resources */,
				96720CA860CC73D2C1B0276B /* [CP] Embed Pods Frameworks */,
			);
			buildRules = (
			);
			dependencies = (
			);
			name = Hackathon;
			productName = Hackathon;
			productReference = 57E75E3628DEE1F100AC24B2 /* Hackathon.app */;
			productType = "com.apple.product-type.application";
		};
		57E75E4B28DEE20100AC24B2 /* HackathonTests */ = {
			isa = PBXNativeTarget;
			buildConfigurationList = 57E75E6328DEE20100AC24B2 /* Build configuration list for PBXNativeTarget "HackathonTests" */;
			buildPhases = (
				072A2F7D151AB1F7316AAF53 /* [CP] Check Pods Manifest.lock */,
				57E75E4828DEE20100AC24B2 /* Sources */,
				57E75E4928DEE20100AC24B2 /* Frameworks */,
				57E75E4A28DEE20100AC24B2 /* Resources */,
			);
			buildRules = (
			);
			dependencies = (
				57E75E4E28DEE20100AC24B2 /* PBXTargetDependency */,
			);
			name = HackathonTests;
			productName = HackathonTests;
			productReference = 57E75E4C28DEE20100AC24B2 /* HackathonTests.xctest */;
			productType = "com.apple.product-type.bundle.unit-test";
		};
		57E75E5528DEE20100AC24B2 /* HackathonUITests */ = {
			isa = PBXNativeTarget;
			buildConfigurationList = 57E75E6628DEE20100AC24B2 /* Build configuration list for PBXNativeTarget "HackathonUITests" */;
			buildPhases = (
				AB815F28F78DCD2763193C35 /* [CP] Check Pods Manifest.lock */,
				57E75E5228DEE20100AC24B2 /* Sources */,
				57E75E5328DEE20100AC24B2 /* Frameworks */,
				57E75E5428DEE20100AC24B2 /* Resources */,
				98D2654AF284B308DC552860 /* [CP] Embed Pods Frameworks */,
			);
			buildRules = (
			);
			dependencies = (
				57E75E5828DEE20100AC24B2 /* PBXTargetDependency */,
			);
			name = HackathonUITests;
			productName = HackathonUITests;
			productReference = 57E75E5628DEE20100AC24B2 /* HackathonUITests.xctest */;
			productType = "com.apple.product-type.bundle.ui-testing";
		};
/* End PBXNativeTarget section */

/* Begin PBXProject section */
		57E75E2E28DEE1F100AC24B2 /* Project object */ = {
			isa = PBXProject;
			attributes = {
				BuildIndependentTargetsInParallel = 1;
				LastSwiftUpdateCheck = 1320;
				LastUpgradeCheck = 1320;
				TargetAttributes = {
					57E75E3528DEE1F100AC24B2 = {
						CreatedOnToolsVersion = 13.2;
					};
					57E75E4B28DEE20100AC24B2 = {
						CreatedOnToolsVersion = 13.2;
						TestTargetID = 57E75E3528DEE1F100AC24B2;
					};
					57E75E5528DEE20100AC24B2 = {
						CreatedOnToolsVersion = 13.2;
						TestTargetID = 57E75E3528DEE1F100AC24B2;
					};
				};
			};
			buildConfigurationList = 57E75E3128DEE1F100AC24B2 /* Build configuration list for PBXProject "Hackathon" */;
			compatibilityVersion = "Xcode 13.0";
			developmentRegion = en;
			hasScannedForEncodings = 0;
			knownRegions = (
				en,
				Base,
			);
			mainGroup = 57E75E2D28DEE1F100AC24B2;
			productRefGroup = 57E75E3728DEE1F100AC24B2 /* Products */;
			projectDirPath = "";
			projectRoot = "";
			targets = (
				57E75E3528DEE1F100AC24B2 /* Hackathon */,
				57E75E4B28DEE20100AC24B2 /* HackathonTests */,
				57E75E5528DEE20100AC24B2 /* HackathonUITests */,
			);
		};
/* End PBXProject section */

/* Begin PBXResourcesBuildPhase section */
		57E75E3428DEE1F100AC24B2 /* Resources */ = {
			isa = PBXResourcesBuildPhase;
			buildActionMask = 2147483647;
			files = (
				8ADF374128DEF50E00EA6C14 /* Ask.storyboard in Resources */,
				57E75E4628DEE20000AC24B2 /* LaunchScreen.storyboard in Resources */,
				8ADF373928DEF42100EA6C14 /* GroupZ.storyboard in Resources */,
				57E75E6E28DEE3B800AC24B2 /* SAMSIKKI.storyboard in Resources */,
				57E75E7028DEE3C900AC24B2 /* JUN.storyboard in Resources */,
				8ADF373B28DEF45B00EA6C14 /* GroupX.storyboard in Resources */,
				57E75E4328DEE20000AC24B2 /* Assets.xcassets in Resources */,
				57E75E6C28DEE3A100AC24B2 /* SSOOYA.storyboard in Resources */,
				57E75E4128DEE1F100AC24B2 /* Main.storyboard in Resources */,
				57E75E7228DEE3D600AC24B2 /* CommunityMain.storyboard in Resources */,
			);
			runOnlyForDeploymentPostprocessing = 0;
		};
		57E75E4A28DEE20100AC24B2 /* Resources */ = {
			isa = PBXResourcesBuildPhase;
			buildActionMask = 2147483647;
			files = (
			);
			runOnlyForDeploymentPostprocessing = 0;
		};
		57E75E5428DEE20100AC24B2 /* Resources */ = {
			isa = PBXResourcesBuildPhase;
			buildActionMask = 2147483647;
			files = (
			);
			runOnlyForDeploymentPostprocessing = 0;
		};
/* End PBXResourcesBuildPhase section */

/* Begin PBXShellScriptBuildPhase section */
		072A2F7D151AB1F7316AAF53 /* [CP] Check Pods Manifest.lock */ = {
			isa = PBXShellScriptBuildPhase;
			buildActionMask = 2147483647;
			files = (
			);
			inputFileListPaths = (
			);
			inputPaths = (
				"${PODS_PODFILE_DIR_PATH}/Podfile.lock",
				"${PODS_ROOT}/Manifest.lock",
			);
			name = "[CP] Check Pods Manifest.lock";
			outputFileListPaths = (
			);
			outputPaths = (
				"$(DERIVED_FILE_DIR)/Pods-HackathonTests-checkManifestLockResult.txt",
			);
			runOnlyForDeploymentPostprocessing = 0;
			shellPath = /bin/sh;
			shellScript = "diff \"${PODS_PODFILE_DIR_PATH}/Podfile.lock\" \"${PODS_ROOT}/Manifest.lock\" > /dev/null\nif [ $? != 0 ] ; then\n    # print error to STDERR\n    echo \"error: The sandbox is not in sync with the Podfile.lock. Run 'pod install' or update your CocoaPods installation.\" >&2\n    exit 1\nfi\n# This output is used by Xcode 'outputs' to avoid re-running this script phase.\necho \"SUCCESS\" > \"${SCRIPT_OUTPUT_FILE_0}\"\n";
			showEnvVarsInLog = 0;
		};
		4E2FAA824D4A7C77A3FEB9AE /* [CP] Check Pods Manifest.lock */ = {
			isa = PBXShellScriptBuildPhase;
			buildActionMask = 2147483647;
			files = (
			);
			inputFileListPaths = (
			);
			inputPaths = (
				"${PODS_PODFILE_DIR_PATH}/Podfile.lock",
				"${PODS_ROOT}/Manifest.lock",
			);
			name = "[CP] Check Pods Manifest.lock";
			outputFileListPaths = (
			);
			outputPaths = (
				"$(DERIVED_FILE_DIR)/Pods-Hackathon-checkManifestLockResult.txt",
			);
			runOnlyForDeploymentPostprocessing = 0;
			shellPath = /bin/sh;
			shellScript = "diff \"${PODS_PODFILE_DIR_PATH}/Podfile.lock\" \"${PODS_ROOT}/Manifest.lock\" > /dev/null\nif [ $? != 0 ] ; then\n    # print error to STDERR\n    echo \"error: The sandbox is not in sync with the Podfile.lock. Run 'pod install' or update your CocoaPods installation.\" >&2\n    exit 1\nfi\n# This output is used by Xcode 'outputs' to avoid re-running this script phase.\necho \"SUCCESS\" > \"${SCRIPT_OUTPUT_FILE_0}\"\n";
			showEnvVarsInLog = 0;
		};
		96720CA860CC73D2C1B0276B /* [CP] Embed Pods Frameworks */ = {
			isa = PBXShellScriptBuildPhase;
			buildActionMask = 2147483647;
			files = (
			);
			inputFileListPaths = (
				"${PODS_ROOT}/Target Support Files/Pods-Hackathon/Pods-Hackathon-frameworks-${CONFIGURATION}-input-files.xcfilelist",
			);
			name = "[CP] Embed Pods Frameworks";
			outputFileListPaths = (
				"${PODS_ROOT}/Target Support Files/Pods-Hackathon/Pods-Hackathon-frameworks-${CONFIGURATION}-output-files.xcfilelist",
			);
			runOnlyForDeploymentPostprocessing = 0;
			shellPath = /bin/sh;
			shellScript = "\"${PODS_ROOT}/Target Support Files/Pods-Hackathon/Pods-Hackathon-frameworks.sh\"\n";
			showEnvVarsInLog = 0;
		};
		98D2654AF284B308DC552860 /* [CP] Embed Pods Frameworks */ = {
			isa = PBXShellScriptBuildPhase;
			buildActionMask = 2147483647;
			files = (
			);
			inputFileListPaths = (
				"${PODS_ROOT}/Target Support Files/Pods-Hackathon-HackathonUITests/Pods-Hackathon-HackathonUITests-frameworks-${CONFIGURATION}-input-files.xcfilelist",
			);
			name = "[CP] Embed Pods Frameworks";
			outputFileListPaths = (
				"${PODS_ROOT}/Target Support Files/Pods-Hackathon-HackathonUITests/Pods-Hackathon-HackathonUITests-frameworks-${CONFIGURATION}-output-files.xcfilelist",
			);
			runOnlyForDeploymentPostprocessing = 0;
			shellPath = /bin/sh;
			shellScript = "\"${PODS_ROOT}/Target Support Files/Pods-Hackathon-HackathonUITests/Pods-Hackathon-HackathonUITests-frameworks.sh\"\n";
			showEnvVarsInLog = 0;
		};
		AB815F28F78DCD2763193C35 /* [CP] Check Pods Manifest.lock */ = {
			isa = PBXShellScriptBuildPhase;
			buildActionMask = 2147483647;
			files = (
			);
			inputFileListPaths = (
			);
			inputPaths = (
				"${PODS_PODFILE_DIR_PATH}/Podfile.lock",
				"${PODS_ROOT}/Manifest.lock",
			);
			name = "[CP] Check Pods Manifest.lock";
			outputFileListPaths = (
			);
			outputPaths = (
				"$(DERIVED_FILE_DIR)/Pods-Hackathon-HackathonUITests-checkManifestLockResult.txt",
			);
			runOnlyForDeploymentPostprocessing = 0;
			shellPath = /bin/sh;
			shellScript = "diff \"${PODS_PODFILE_DIR_PATH}/Podfile.lock\" \"${PODS_ROOT}/Manifest.lock\" > /dev/null\nif [ $? != 0 ] ; then\n    # print error to STDERR\n    echo \"error: The sandbox is not in sync with the Podfile.lock. Run 'pod install' or update your CocoaPods installation.\" >&2\n    exit 1\nfi\n# This output is used by Xcode 'outputs' to avoid re-running this script phase.\necho \"SUCCESS\" > \"${SCRIPT_OUTPUT_FILE_0}\"\n";
			showEnvVarsInLog = 0;
		};
/* End PBXShellScriptBuildPhase section */

/* Begin PBXSourcesBuildPhase section */
		57E75E3228DEE1F100AC24B2 /* Sources */ = {
			isa = PBXSourcesBuildPhase;
			buildActionMask = 2147483647;
			files = (
				57E75E3E28DEE1F100AC24B2 /* ViewController.swift in Sources */,
				8ADF374B28DEF6EC00EA6C14 /* XWritePostViewController.swift in Sources */,
				8ADF374528DEF55C00EA6C14 /* ToZViewController.swift in Sources */,
				8ADF374D28DEF74A00EA6C14 /* CommunityMainViewController.swift in Sources */,
				57E75E3A28DEE1F100AC24B2 /* AppDelegate.swift in Sources */,
				8ADF374928DEF6AE00EA6C14 /* ZWritePostViewController.swift in Sources */,
				57E75E3C28DEE1F100AC24B2 /* SceneDelegate.swift in Sources */,
				8ADF374728DEF56600EA6C14 /* ToXViewController.swift in Sources */,
				8ADF373F28DEF4B800EA6C14 /* GroupXViewController.swift in Sources */,
				8ADF373D28DEF49F00EA6C14 /* GroupZViewController.swift in Sources */,
			);
			runOnlyForDeploymentPostprocessing = 0;
		};
		57E75E4828DEE20100AC24B2 /* Sources */ = {
			isa = PBXSourcesBuildPhase;
			buildActionMask = 2147483647;
			files = (
				57E75E5128DEE20100AC24B2 /* HackathonTests.swift in Sources */,
			);
			runOnlyForDeploymentPostprocessing = 0;
		};
		57E75E5228DEE20100AC24B2 /* Sources */ = {
			isa = PBXSourcesBuildPhase;
			buildActionMask = 2147483647;
			files = (
				57E75E5D28DEE20100AC24B2 /* HackathonUITestsLaunchTests.swift in Sources */,
				57E75E5B28DEE20100AC24B2 /* HackathonUITests.swift in Sources */,
			);
			runOnlyForDeploymentPostprocessing = 0;
		};
/* End PBXSourcesBuildPhase section */

/* Begin PBXTargetDependency section */
		57E75E4E28DEE20100AC24B2 /* PBXTargetDependency */ = {
			isa = PBXTargetDependency;
			target = 57E75E3528DEE1F100AC24B2 /* Hackathon */;
			targetProxy = 57E75E4D28DEE20100AC24B2 /* PBXContainerItemProxy */;
		};
		57E75E5828DEE20100AC24B2 /* PBXTargetDependency */ = {
			isa = PBXTargetDependency;
			target = 57E75E3528DEE1F100AC24B2 /* Hackathon */;
			targetProxy = 57E75E5728DEE20100AC24B2 /* PBXContainerItemProxy */;
		};
/* End PBXTargetDependency section */

/* Begin PBXVariantGroup section */
		57E75E3F28DEE1F100AC24B2 /* Main.storyboard */ = {
			isa = PBXVariantGroup;
			children = (
				57E75E4028DEE1F100AC24B2 /* Base */,
			);
			name = Main.storyboard;
			sourceTree = "<group>";
		};
		57E75E4428DEE20000AC24B2 /* LaunchScreen.storyboard */ = {
			isa = PBXVariantGroup;
			children = (
				57E75E4528DEE20000AC24B2 /* Base */,
			);
			name = LaunchScreen.storyboard;
			sourceTree = "<group>";
		};
/* End PBXVariantGroup section */

/* Begin XCBuildConfiguration section */
		57E75E5E28DEE20100AC24B2 /* Debug */ = {
			isa = XCBuildConfiguration;
			buildSettings = {
				ALWAYS_SEARCH_USER_PATHS = NO;
				CLANG_ANALYZER_NONNULL = YES;
				CLANG_ANALYZER_NUMBER_OBJECT_CONVERSION = YES_AGGRESSIVE;
				CLANG_CXX_LANGUAGE_STANDARD = "gnu++17";
				CLANG_CXX_LIBRARY = "libc++";
				CLANG_ENABLE_MODULES = YES;
				CLANG_ENABLE_OBJC_ARC = YES;
				CLANG_ENABLE_OBJC_WEAK = YES;
				CLANG_WARN_BLOCK_CAPTURE_AUTORELEASING = YES;
				CLANG_WARN_BOOL_CONVERSION = YES;
				CLANG_WARN_COMMA = YES;
				CLANG_WARN_CONSTANT_CONVERSION = YES;
				CLANG_WARN_DEPRECATED_OBJC_IMPLEMENTATIONS = YES;
				CLANG_WARN_DIRECT_OBJC_ISA_USAGE = YES_ERROR;
				CLANG_WARN_DOCUMENTATION_COMMENTS = YES;
				CLANG_WARN_EMPTY_BODY = YES;
				CLANG_WARN_ENUM_CONVERSION = YES;
				CLANG_WARN_INFINITE_RECURSION = YES;
				CLANG_WARN_INT_CONVERSION = YES;
				CLANG_WARN_NON_LITERAL_NULL_CONVERSION = YES;
				CLANG_WARN_OBJC_IMPLICIT_RETAIN_SELF = YES;
				CLANG_WARN_OBJC_LITERAL_CONVERSION = YES;
				CLANG_WARN_OBJC_ROOT_CLASS = YES_ERROR;
				CLANG_WARN_QUOTED_INCLUDE_IN_FRAMEWORK_HEADER = YES;
				CLANG_WARN_RANGE_LOOP_ANALYSIS = YES;
				CLANG_WARN_STRICT_PROTOTYPES = YES;
				CLANG_WARN_SUSPICIOUS_MOVE = YES;
				CLANG_WARN_UNGUARDED_AVAILABILITY = YES_AGGRESSIVE;
				CLANG_WARN_UNREACHABLE_CODE = YES;
				CLANG_WARN__DUPLICATE_METHOD_MATCH = YES;
				COPY_PHASE_STRIP = NO;
				DEBUG_INFORMATION_FORMAT = dwarf;
				ENABLE_STRICT_OBJC_MSGSEND = YES;
				ENABLE_TESTABILITY = YES;
				GCC_C_LANGUAGE_STANDARD = gnu11;
				GCC_DYNAMIC_NO_PIC = NO;
				GCC_NO_COMMON_BLOCKS = YES;
				GCC_OPTIMIZATION_LEVEL = 0;
				GCC_PREPROCESSOR_DEFINITIONS = (
					"DEBUG=1",
					"$(inherited)",
				);
				GCC_WARN_64_TO_32_BIT_CONVERSION = YES;
				GCC_WARN_ABOUT_RETURN_TYPE = YES_ERROR;
				GCC_WARN_UNDECLARED_SELECTOR = YES;
				GCC_WARN_UNINITIALIZED_AUTOS = YES_AGGRESSIVE;
				GCC_WARN_UNUSED_FUNCTION = YES;
				GCC_WARN_UNUSED_VARIABLE = YES;
				IPHONEOS_DEPLOYMENT_TARGET = 15.2;
				MTL_ENABLE_DEBUG_INFO = INCLUDE_SOURCE;
				MTL_FAST_MATH = YES;
				ONLY_ACTIVE_ARCH = YES;
				SDKROOT = iphoneos;
				SWIFT_ACTIVE_COMPILATION_CONDITIONS = DEBUG;
				SWIFT_OPTIMIZATION_LEVEL = "-Onone";
			};
			name = Debug;
		};
		57E75E5F28DEE20100AC24B2 /* Release */ = {
			isa = XCBuildConfiguration;
			buildSettings = {
				ALWAYS_SEARCH_USER_PATHS = NO;
				CLANG_ANALYZER_NONNULL = YES;
				CLANG_ANALYZER_NUMBER_OBJECT_CONVERSION = YES_AGGRESSIVE;
				CLANG_CXX_LANGUAGE_STANDARD = "gnu++17";
				CLANG_CXX_LIBRARY = "libc++";
				CLANG_ENABLE_MODULES = YES;
				CLANG_ENABLE_OBJC_ARC = YES;
				CLANG_ENABLE_OBJC_WEAK = YES;
				CLANG_WARN_BLOCK_CAPTURE_AUTORELEASING = YES;
				CLANG_WARN_BOOL_CONVERSION = YES;
				CLANG_WARN_COMMA = YES;
				CLANG_WARN_CONSTANT_CONVERSION = YES;
				CLANG_WARN_DEPRECATED_OBJC_IMPLEMENTATIONS = YES;
				CLANG_WARN_DIRECT_OBJC_ISA_USAGE = YES_ERROR;
				CLANG_WARN_DOCUMENTATION_COMMENTS = YES;
				CLANG_WARN_EMPTY_BODY = YES;
				CLANG_WARN_ENUM_CONVERSION = YES;
				CLANG_WARN_INFINITE_RECURSION = YES;
				CLANG_WARN_INT_CONVERSION = YES;
				CLANG_WARN_NON_LITERAL_NULL_CONVERSION = YES;
				CLANG_WARN_OBJC_IMPLICIT_RETAIN_SELF = YES;
				CLANG_WARN_OBJC_LITERAL_CONVERSION = YES;
				CLANG_WARN_OBJC_ROOT_CLASS = YES_ERROR;
				CLANG_WARN_QUOTED_INCLUDE_IN_FRAMEWORK_HEADER = YES;
				CLANG_WARN_RANGE_LOOP_ANALYSIS = YES;
				CLANG_WARN_STRICT_PROTOTYPES = YES;
				CLANG_WARN_SUSPICIOUS_MOVE = YES;
				CLANG_WARN_UNGUARDED_AVAILABILITY = YES_AGGRESSIVE;
				CLANG_WARN_UNREACHABLE_CODE = YES;
				CLANG_WARN__DUPLICATE_METHOD_MATCH = YES;
				COPY_PHASE_STRIP = NO;
				DEBUG_INFORMATION_FORMAT = "dwarf-with-dsym";
				ENABLE_NS_ASSERTIONS = NO;
				ENABLE_STRICT_OBJC_MSGSEND = YES;
				GCC_C_LANGUAGE_STANDARD = gnu11;
				GCC_NO_COMMON_BLOCKS = YES;
				GCC_WARN_64_TO_32_BIT_CONVERSION = YES;
				GCC_WARN_ABOUT_RETURN_TYPE = YES_ERROR;
				GCC_WARN_UNDECLARED_SELECTOR = YES;
				GCC_WARN_UNINITIALIZED_AUTOS = YES_AGGRESSIVE;
				GCC_WARN_UNUSED_FUNCTION = YES;
				GCC_WARN_UNUSED_VARIABLE = YES;
				IPHONEOS_DEPLOYMENT_TARGET = 15.2;
				MTL_ENABLE_DEBUG_INFO = NO;
				MTL_FAST_MATH = YES;
				SDKROOT = iphoneos;
				SWIFT_COMPILATION_MODE = wholemodule;
				SWIFT_OPTIMIZATION_LEVEL = "-O";
				VALIDATE_PRODUCT = YES;
			};
			name = Release;
		};
		57E75E6128DEE20100AC24B2 /* Debug */ = {
			isa = XCBuildConfiguration;
			baseConfigurationReference = 85F22798DF52E175ED9F9AFD /* Pods-Hackathon.debug.xcconfig */;
			buildSettings = {
				ASSETCATALOG_COMPILER_APPICON_NAME = AppIcon;
				ASSETCATALOG_COMPILER_GLOBAL_ACCENT_COLOR_NAME = AccentColor;
				CODE_SIGN_STYLE = Automatic;
				CURRENT_PROJECT_VERSION = 1;
				DEVELOPMENT_TEAM = DS2AD6Q7T4;
				GENERATE_INFOPLIST_FILE = YES;
				INFOPLIST_FILE = Hackathon/Info.plist;
				INFOPLIST_KEY_UIApplicationSupportsIndirectInputEvents = YES;
				INFOPLIST_KEY_UILaunchStoryboardName = LaunchScreen;
				INFOPLIST_KEY_UIMainStoryboardFile = Main;
				INFOPLIST_KEY_UISupportedInterfaceOrientations_iPad = "UIInterfaceOrientationPortrait UIInterfaceOrientationPortraitUpsideDown UIInterfaceOrientationLandscapeLeft UIInterfaceOrientationLandscapeRight";
				INFOPLIST_KEY_UISupportedInterfaceOrientations_iPhone = "UIInterfaceOrientationPortrait UIInterfaceOrientationLandscapeLeft UIInterfaceOrientationLandscapeRight";
				IPHONEOS_DEPLOYMENT_TARGET = 15.0;
				LD_RUNPATH_SEARCH_PATHS = (
					"$(inherited)",
					"@executable_path/Frameworks",
				);
				MARKETING_VERSION = 1.0;
				PRODUCT_BUNDLE_IDENTIFIER = ssooya.Hackathon;
				PRODUCT_NAME = "$(TARGET_NAME)";
				SWIFT_EMIT_LOC_STRINGS = YES;
				SWIFT_VERSION = 5.0;
				TARGETED_DEVICE_FAMILY = "1,2";
			};
			name = Debug;
		};
		57E75E6228DEE20100AC24B2 /* Release */ = {
			isa = XCBuildConfiguration;
			baseConfigurationReference = 718904B84399A2A3C0D2E8E6 /* Pods-Hackathon.release.xcconfig */;
			buildSettings = {
				ASSETCATALOG_COMPILER_APPICON_NAME = AppIcon;
				ASSETCATALOG_COMPILER_GLOBAL_ACCENT_COLOR_NAME = AccentColor;
				CODE_SIGN_STYLE = Automatic;
				CURRENT_PROJECT_VERSION = 1;
				DEVELOPMENT_TEAM = DS2AD6Q7T4;
				GENERATE_INFOPLIST_FILE = YES;
				INFOPLIST_FILE = Hackathon/Info.plist;
				INFOPLIST_KEY_UIApplicationSupportsIndirectInputEvents = YES;
				INFOPLIST_KEY_UILaunchStoryboardName = LaunchScreen;
				INFOPLIST_KEY_UIMainStoryboardFile = Main;
				INFOPLIST_KEY_UISupportedInterfaceOrientations_iPad = "UIInterfaceOrientationPortrait UIInterfaceOrientationPortraitUpsideDown UIInterfaceOrientationLandscapeLeft UIInterfaceOrientationLandscapeRight";
				INFOPLIST_KEY_UISupportedInterfaceOrientations_iPhone = "UIInterfaceOrientationPortrait UIInterfaceOrientationLandscapeLeft UIInterfaceOrientationLandscapeRight";
				IPHONEOS_DEPLOYMENT_TARGET = 15.0;
				LD_RUNPATH_SEARCH_PATHS = (
					"$(inherited)",
					"@executable_path/Frameworks",
				);
				MARKETING_VERSION = 1.0;
				PRODUCT_BUNDLE_IDENTIFIER = ssooya.Hackathon;
				PRODUCT_NAME = "$(TARGET_NAME)";
				SWIFT_EMIT_LOC_STRINGS = YES;
				SWIFT_VERSION = 5.0;
				TARGETED_DEVICE_FAMILY = "1,2";
			};
			name = Release;
		};
		57E75E6428DEE20100AC24B2 /* Debug */ = {
			isa = XCBuildConfiguration;
			baseConfigurationReference = A931D615A03708FF4138BBE1 /* Pods-HackathonTests.debug.xcconfig */;
			buildSettings = {
				ALWAYS_EMBED_SWIFT_STANDARD_LIBRARIES = YES;
				BUNDLE_LOADER = "$(TEST_HOST)";
				CODE_SIGN_STYLE = Automatic;
				CURRENT_PROJECT_VERSION = 1;
				DEVELOPMENT_TEAM = DS2AD6Q7T4;
				GENERATE_INFOPLIST_FILE = YES;
				IPHONEOS_DEPLOYMENT_TARGET = 15.2;
				MARKETING_VERSION = 1.0;
				PRODUCT_BUNDLE_IDENTIFIER = ssooya.HackathonTests;
				PRODUCT_NAME = "$(TARGET_NAME)";
				SWIFT_EMIT_LOC_STRINGS = NO;
				SWIFT_VERSION = 5.0;
				TARGETED_DEVICE_FAMILY = "1,2";
				TEST_HOST = "$(BUILT_PRODUCTS_DIR)/Hackathon.app/Hackathon";
			};
			name = Debug;
		};
		57E75E6528DEE20100AC24B2 /* Release */ = {
			isa = XCBuildConfiguration;
			baseConfigurationReference = E4CD9783947AE581F25A37BB /* Pods-HackathonTests.release.xcconfig */;
			buildSettings = {
				ALWAYS_EMBED_SWIFT_STANDARD_LIBRARIES = YES;
				BUNDLE_LOADER = "$(TEST_HOST)";
				CODE_SIGN_STYLE = Automatic;
				CURRENT_PROJECT_VERSION = 1;
				DEVELOPMENT_TEAM = DS2AD6Q7T4;
				GENERATE_INFOPLIST_FILE = YES;
				IPHONEOS_DEPLOYMENT_TARGET = 15.2;
				MARKETING_VERSION = 1.0;
				PRODUCT_BUNDLE_IDENTIFIER = ssooya.HackathonTests;
				PRODUCT_NAME = "$(TARGET_NAME)";
				SWIFT_EMIT_LOC_STRINGS = NO;
				SWIFT_VERSION = 5.0;
				TARGETED_DEVICE_FAMILY = "1,2";
				TEST_HOST = "$(BUILT_PRODUCTS_DIR)/Hackathon.app/Hackathon";
			};
			name = Release;
		};
		57E75E6728DEE20100AC24B2 /* Debug */ = {
			isa = XCBuildConfiguration;
			baseConfigurationReference = 5B58B63550D28EF472FBB196 /* Pods-Hackathon-HackathonUITests.debug.xcconfig */;
			buildSettings = {
				ALWAYS_EMBED_SWIFT_STANDARD_LIBRARIES = YES;
				CODE_SIGN_STYLE = Automatic;
				CURRENT_PROJECT_VERSION = 1;
				DEVELOPMENT_TEAM = DS2AD6Q7T4;
				GENERATE_INFOPLIST_FILE = YES;
				MARKETING_VERSION = 1.0;
				PRODUCT_BUNDLE_IDENTIFIER = ssooya.HackathonUITests;
				PRODUCT_NAME = "$(TARGET_NAME)";
				SWIFT_EMIT_LOC_STRINGS = NO;
				SWIFT_VERSION = 5.0;
				TARGETED_DEVICE_FAMILY = "1,2";
				TEST_TARGET_NAME = Hackathon;
			};
			name = Debug;
		};
		57E75E6828DEE20100AC24B2 /* Release */ = {
			isa = XCBuildConfiguration;
			baseConfigurationReference = D3A7E4A0D5827ED5D80DD091 /* Pods-Hackathon-HackathonUITests.release.xcconfig */;
			buildSettings = {
				ALWAYS_EMBED_SWIFT_STANDARD_LIBRARIES = YES;
				CODE_SIGN_STYLE = Automatic;
				CURRENT_PROJECT_VERSION = 1;
				DEVELOPMENT_TEAM = DS2AD6Q7T4;
				GENERATE_INFOPLIST_FILE = YES;
				MARKETING_VERSION = 1.0;
				PRODUCT_BUNDLE_IDENTIFIER = ssooya.HackathonUITests;
				PRODUCT_NAME = "$(TARGET_NAME)";
				SWIFT_EMIT_LOC_STRINGS = NO;
				SWIFT_VERSION = 5.0;
				TARGETED_DEVICE_FAMILY = "1,2";
				TEST_TARGET_NAME = Hackathon;
			};
			name = Release;
		};
/* End XCBuildConfiguration section */

/* Begin XCConfigurationList section */
		57E75E3128DEE1F100AC24B2 /* Build configuration list for PBXProject "Hackathon" */ = {
			isa = XCConfigurationList;
			buildConfigurations = (
				57E75E5E28DEE20100AC24B2 /* Debug */,
				57E75E5F28DEE20100AC24B2 /* Release */,
			);
			defaultConfigurationIsVisible = 0;
			defaultConfigurationName = Release;
		};
		57E75E6028DEE20100AC24B2 /* Build configuration list for PBXNativeTarget "Hackathon" */ = {
			isa = XCConfigurationList;
			buildConfigurations = (
				57E75E6128DEE20100AC24B2 /* Debug */,
				57E75E6228DEE20100AC24B2 /* Release */,
			);
			defaultConfigurationIsVisible = 0;
			defaultConfigurationName = Release;
		};
		57E75E6328DEE20100AC24B2 /* Build configuration list for PBXNativeTarget "HackathonTests" */ = {
			isa = XCConfigurationList;
			buildConfigurations = (
				57E75E6428DEE20100AC24B2 /* Debug */,
				57E75E6528DEE20100AC24B2 /* Release */,
			);
			defaultConfigurationIsVisible = 0;
			defaultConfigurationName = Release;
		};
		57E75E6628DEE20100AC24B2 /* Build configuration list for PBXNativeTarget "HackathonUITests" */ = {
			isa = XCConfigurationList;
			buildConfigurations = (
				57E75E6728DEE20100AC24B2 /* Debug */,
				57E75E6828DEE20100AC24B2 /* Release */,
			);
			defaultConfigurationIsVisible = 0;
			defaultConfigurationName = Release;
		};
/* End XCConfigurationList section */
	};
	rootObject = 57E75E2E28DEE1F100AC24B2 /* Project object */;
}
